
Microsoft Visual Studio Solution File, Format Version 12.00
# Visual Studio Version 17
VisualStudioVersion = 17.0.31903.59
MinimumVisualStudioVersion = 10.0.40219.1
Project("{2150E333-8FDC-42A3-9474-1A3956D46DE8}") = "src", "src", "{D92004B4-8D01-4BC3-B76B-A80D657FEC30}"
EndProject
Project("{FAE04EC0-301F-11D3-BF4B-00C04F79EFBC}") = "Rascal", "src\Rascal\Rascal.csproj", "{04DE173D-4E74-4104-94FA-2B1807FCD34D}"
EndProject
Project("{FAE04EC0-301F-11D3-BF4B-00C04F79EFBC}") = "Rascal.Tests", "src\Rascal.Tests\Rascal.Tests.csproj", "{291FDB2E-8AC8-4B7A-B6E6-6DF5DCBCEB58}"
EndProject
Project("{FAE04EC0-301F-11D3-BF4B-00C04F79EFBC}") = "Rascal.Analysis", "src\Rascal.Analysis\Rascal.Analysis.csproj", "{076764E7-54D5-41EF-99C9-96C483F15E31}"
EndProject
Project("{FAE04EC0-301F-11D3-BF4B-00C04F79EFBC}") = "Rascal.Analysis.Tests", "src\Rascal.Analysis.Tests\Rascal.Analysis.Tests.csproj", "{C2197909-F734-4435-869A-422CD571D061}"
EndProject
Project("{FAE04EC0-301F-11D3-BF4B-00C04F79EFBC}") = "Rascal.Playground", "src\Rascal.Playground\Rascal.Playground.csproj", "{F5A7C08C-51B5-4043-9666-C8DCD4F9C1E4}"
EndProject
Global
	GlobalSection(SolutionConfigurationPlatforms) = preSolution
		Debug|Any CPU = Debug|Any CPU
		Release|Any CPU = Release|Any CPU
	EndGlobalSection
	GlobalSection(SolutionProperties) = preSolution
		HideSolutionNode = FALSE
	EndGlobalSection
	GlobalSection(ProjectConfigurationPlatforms) = postSolution
		{04DE173D-4E74-4104-94FA-2B1807FCD34D}.Debug|Any CPU.ActiveCfg = Debug|Any CPU
		{04DE173D-4E74-4104-94FA-2B1807FCD34D}.Debug|Any CPU.Build.0 = Debug|Any CPU
		{04DE173D-4E74-4104-94FA-2B1807FCD34D}.Release|Any CPU.ActiveCfg = Release|Any CPU
		{04DE173D-4E74-4104-94FA-2B1807FCD34D}.Release|Any CPU.Build.0 = Release|Any CPU
		{291FDB2E-8AC8-4B7A-B6E6-6DF5DCBCEB58}.Debug|Any CPU.ActiveCfg = Debug|Any CPU
		{291FDB2E-8AC8-4B7A-B6E6-6DF5DCBCEB58}.Debug|Any CPU.Build.0 = Debug|Any CPU
		{291FDB2E-8AC8-4B7A-B6E6-6DF5DCBCEB58}.Release|Any CPU.ActiveCfg = Release|Any CPU
		{291FDB2E-8AC8-4B7A-B6E6-6DF5DCBCEB58}.Release|Any CPU.Build.0 = Release|Any CPU
		{076764E7-54D5-41EF-99C9-96C483F15E31}.Debug|Any CPU.ActiveCfg = Debug|Any CPU
		{076764E7-54D5-41EF-99C9-96C483F15E31}.Debug|Any CPU.Build.0 = Debug|Any CPU
		{076764E7-54D5-41EF-99C9-96C483F15E31}.Release|Any CPU.ActiveCfg = Release|Any CPU
		{076764E7-54D5-41EF-99C9-96C483F15E31}.Release|Any CPU.Build.0 = Release|Any CPU
		{C2197909-F734-4435-869A-422CD571D061}.Debug|Any CPU.ActiveCfg = Debug|Any CPU
		{C2197909-F734-4435-869A-422CD571D061}.Debug|Any CPU.Build.0 = Debug|Any CPU
		{C2197909-F734-4435-869A-422CD571D061}.Release|Any CPU.ActiveCfg = Release|Any CPU
		{C2197909-F734-4435-869A-422CD571D061}.Release|Any CPU.Build.0 = Release|Any CPU
		{F5A7C08C-51B5-4043-9666-C8DCD4F9C1E4}.Debug|Any CPU.ActiveCfg = Debug|Any CPU
		{F5A7C08C-51B5-4043-9666-C8DCD4F9C1E4}.Debug|Any CPU.Build.0 = Debug|Any CPU
		{F5A7C08C-51B5-4043-9666-C8DCD4F9C1E4}.Release|Any CPU.ActiveCfg = Release|Any CPU
		{F5A7C08C-51B5-4043-9666-C8DCD4F9C1E4}.Release|Any CPU.Build.0 = Release|Any CPU
	EndGlobalSection
	GlobalSection(NestedProjects) = preSolution
		{04DE173D-4E74-4104-94FA-2B1807FCD34D} = {D92004B4-8D01-4BC3-B76B-A80D657FEC30}
		{291FDB2E-8AC8-4B7A-B6E6-6DF5DCBCEB58} = {D92004B4-8D01-4BC3-B76B-A80D657FEC30}
		{076764E7-54D5-41EF-99C9-96C483F15E31} = {D92004B4-8D01-4BC3-B76B-A80D657FEC30}
		{C2197909-F734-4435-869A-422CD571D061} = {D92004B4-8D01-4BC3-B76B-A80D657FEC30}
		{F5A7C08C-51B5-4043-9666-C8DCD4F9C1E4} = {D92004B4-8D01-4BC3-B76B-A80D657FEC30}
	EndGlobalSection
EndGlobal
