
Microsoft Visual Studio Solution File, Format Version 12.00
# Visual Studio Version 17
VisualStudioVersion = 17.0.31903.59
MinimumVisualStudioVersion = 10.0.40219.1
Project("{2150E333-8FDC-42A3-9474-1A3956D46DE8}") = "src", "src", "{D92004B4-8D01-4BC3-B76B-A80D657FEC30}"
EndProject
Project("{FAE04EC0-301F-11D3-BF4B-00C04F79EFBC}") = "Rascal", "src\Rascal\Rascal.csproj", "{04DE173D-4E74-4104-94FA-2B1807FCD34D}"
EndProject
Project("{FAE04EC0-301F-11D3-BF4B-00C04F79EFBC}") = "Rascal.Tests", "src\Rascal.Tests\Rascal.Tests.csproj", "{291FDB2E-8AC8-4B7A-B6E6-6DF5DCBCEB58}"
EndProject
Project("{FAE04EC0-301F-11D3-BF4B-00C04F79EFBC}") = "Rascal.Json", "src\Rascal.Json\Rascal.Json.csproj", "{B17234F4-483C-4F4C-A1D4-A0CAC47D3D6F}"
EndProject
Global
	GlobalSection(SolutionConfigurationPlatforms) = preSolution
		Debug|Any CPU = Debug|Any CPU
		Release|Any CPU = Release|Any CPU
	EndGlobalSection
	GlobalSection(SolutionProperties) = preSolution
		HideSolutionNode = FALSE
	EndGlobalSection
	GlobalSection(ProjectConfigurationPlatforms) = postSolution
		{04DE173D-4E74-4104-94FA-2B1807FCD34D}.Debug|Any CPU.ActiveCfg = Debug|Any CPU
		{04DE173D-4E74-4104-94FA-2B1807FCD34D}.Debug|Any CPU.Build.0 = Debug|Any CPU
		{04DE173D-4E74-4104-94FA-2B1807FCD34D}.Release|Any CPU.ActiveCfg = Release|Any CPU
		{04DE173D-4E74-4104-94FA-2B1807FCD34D}.Release|Any CPU.Build.0 = Release|Any CPU
		{291FDB2E-8AC8-4B7A-B6E6-6DF5DCBCEB58}.Debug|Any CPU.ActiveCfg = Debug|Any CPU
		{291FDB2E-8AC8-4B7A-B6E6-6DF5DCBCEB58}.Debug|Any CPU.Build.0 = Debug|Any CPU
		{291FDB2E-8AC8-4B7A-B6E6-6DF5DCBCEB58}.Release|Any CPU.ActiveCfg = Release|Any CPU
		{291FDB2E-8AC8-4B7A-B6E6-6DF5DCBCEB58}.Release|Any CPU.Build.0 = Release|Any CPU
		{B17234F4-483C-4F4C-A1D4-A0CAC47D3D6F}.Debug|Any CPU.ActiveCfg = Debug|Any CPU
		{B17234F4-483C-4F4C-A1D4-A0CAC47D3D6F}.Debug|Any CPU.Build.0 = Debug|Any CPU
		{B17234F4-483C-4F4C-A1D4-A0CAC47D3D6F}.Release|Any CPU.ActiveCfg = Release|Any CPU
		{B17234F4-483C-4F4C-A1D4-A0CAC47D3D6F}.Release|Any CPU.Build.0 = Release|Any CPU
	EndGlobalSection
	GlobalSection(NestedProjects) = preSolution
		{04DE173D-4E74-4104-94FA-2B1807FCD34D} = {D92004B4-8D01-4BC3-B76B-A80D657FEC30}
		{291FDB2E-8AC8-4B7A-B6E6-6DF5DCBCEB58} = {D92004B4-8D01-4BC3-B76B-A80D657FEC30}
		{B17234F4-483C-4F4C-A1D4-A0CAC47D3D6F} = {D92004B4-8D01-4BC3-B76B-A80D657FEC30}
	EndGlobalSection
EndGlobal
